
Microsoft Visual Studio Solution File, Format Version 12.00
# Visual Studio Version 16
VisualStudioVersion = 16.0.30907.101
MinimumVisualStudioVersion = 10.0.40219.1
Project("{FAE04EC0-301F-11D3-BF4B-00C04F79EFBC}") = "VertusNaurellesEcommerceV1", "VertusNaurellesEcommerceV1\VertusNaurellesEcommerceV1.csproj", "{D496F2F6-96E2-4E14-A02C-0FEF109BEA40}"
EndProject
Project("{FAE04EC0-301F-11D3-BF4B-00C04F79EFBC}") = "Domains", "Domains\Domains.csproj", "{978AB38C-0A22-44EB-87B8-EBB430FC0BBC}"
EndProject
Global
	GlobalSection(SolutionConfigurationPlatforms) = preSolution
		Debug|Any CPU = Debug|Any CPU
		Release|Any CPU = Release|Any CPU
	EndGlobalSection
	GlobalSection(ProjectConfigurationPlatforms) = postSolution
		{D496F2F6-96E2-4E14-A02C-0FEF109BEA40}.Debug|Any CPU.ActiveCfg = Debug|Any CPU
		{D496F2F6-96E2-4E14-A02C-0FEF109BEA40}.Debug|Any CPU.Build.0 = Debug|Any CPU
		{D496F2F6-96E2-4E14-A02C-0FEF109BEA40}.Release|Any CPU.ActiveCfg = Release|Any CPU
		{D496F2F6-96E2-4E14-A02C-0FEF109BEA40}.Release|Any CPU.Build.0 = Release|Any CPU
		{978AB38C-0A22-44EB-87B8-EBB430FC0BBC}.Debug|Any CPU.ActiveCfg = Debug|Any CPU
		{978AB38C-0A22-44EB-87B8-EBB430FC0BBC}.Debug|Any CPU.Build.0 = Debug|Any CPU
		{978AB38C-0A22-44EB-87B8-EBB430FC0BBC}.Release|Any CPU.ActiveCfg = Release|Any CPU
		{978AB38C-0A22-44EB-87B8-EBB430FC0BBC}.Release|Any CPU.Build.0 = Release|Any CPU
	EndGlobalSection
	GlobalSection(SolutionProperties) = preSolution
		HideSolutionNode = FALSE
	EndGlobalSection
	GlobalSection(ExtensibilityGlobals) = postSolution
		SolutionGuid = {0B9E95C6-6BE2-479D-B470-F361881030A1}
	EndGlobalSection
EndGlobal
